
Microsoft Visual Studio Solution File, Format Version 12.00
# Visual Studio Version 16
VisualStudioVersion = 16.0.32002.261
MinimumVisualStudioVersion = 10.0.40219.1
Project("{FAE04EC0-301F-11D3-BF4B-00C04F79EFBC}") = "QuanLyHocPhi", "QuanLyHocPhi\QuanLyHocPhi.csproj", "{CC734563-9081-420D-9F9B-E617D9CB9B90}"
EndProject
Global
	GlobalSection(SolutionConfigurationPlatforms) = preSolution
		Debug|Any CPU = Debug|Any CPU
		Release|Any CPU = Release|Any CPU
	EndGlobalSection
	GlobalSection(ProjectConfigurationPlatforms) = postSolution
		{CC734563-9081-420D-9F9B-E617D9CB9B90}.Debug|Any CPU.ActiveCfg = Debug|Any CPU
		{CC734563-9081-420D-9F9B-E617D9CB9B90}.Debug|Any CPU.Build.0 = Debug|Any CPU
		{CC734563-9081-420D-9F9B-E617D9CB9B90}.Release|Any CPU.ActiveCfg = Release|Any CPU
		{CC734563-9081-420D-9F9B-E617D9CB9B90}.Release|Any CPU.Build.0 = Release|Any CPU
	EndGlobalSection
	GlobalSection(SolutionProperties) = preSolution
		HideSolutionNode = FALSE
	EndGlobalSection
	GlobalSection(ExtensibilityGlobals) = postSolution
		SolutionGuid = {BCDC065E-A55D-43FB-A596-3D74FE390955}
	EndGlobalSection
EndGlobal
